
Microsoft Visual Studio Solution File, Format Version 12.00
# Visual Studio Version 16
VisualStudioVersion = 16.0.30523.141
MinimumVisualStudioVersion = 10.0.40219.1
Project("{8BC9CEB8-8B4A-11D0-8D11-00A0C91BC942}") = "TFTPClient", "TFTPClient\TFTPClient.vcxproj", "{051A3BBC-2E5B-45CE-9629-583EC623679D}"
EndProject
Project("{8BC9CEB8-8B4A-11D0-8D11-00A0C91BC942}") = "TFTPServer", "TFTPServer\TFTPServer.vcxproj", "{149B7821-8BFF-4CC0-895A-1CF1CC2EEC1B}"
EndProject
Global
	GlobalSection(SolutionConfigurationPlatforms) = preSolution
		Debug|x64 = Debug|x64
		Debug|x86 = Debug|x86
		Release|x64 = Release|x64
		Release|x86 = Release|x86
	EndGlobalSection
	GlobalSection(ProjectConfigurationPlatforms) = postSolution
		{051A3BBC-2E5B-45CE-9629-583EC623679D}.Debug|x64.ActiveCfg = Debug|x64
		{051A3BBC-2E5B-45CE-9629-583EC623679D}.Debug|x64.Build.0 = Debug|x64
		{051A3BBC-2E5B-45CE-9629-583EC623679D}.Debug|x86.ActiveCfg = Debug|Win32
		{051A3BBC-2E5B-45CE-9629-583EC623679D}.Debug|x86.Build.0 = Debug|Win32
		{051A3BBC-2E5B-45CE-9629-583EC623679D}.Release|x64.ActiveCfg = Release|x64
		{051A3BBC-2E5B-45CE-9629-583EC623679D}.Release|x64.Build.0 = Release|x64
		{051A3BBC-2E5B-45CE-9629-583EC623679D}.Release|x86.ActiveCfg = Release|Win32
		{051A3BBC-2E5B-45CE-9629-583EC623679D}.Release|x86.Build.0 = Release|Win32
		{149B7821-8BFF-4CC0-895A-1CF1CC2EEC1B}.Debug|x64.ActiveCfg = Debug|x64
		{149B7821-8BFF-4CC0-895A-1CF1CC2EEC1B}.Debug|x64.Build.0 = Debug|x64
		{149B7821-8BFF-4CC0-895A-1CF1CC2EEC1B}.Debug|x86.ActiveCfg = Debug|Win32
		{149B7821-8BFF-4CC0-895A-1CF1CC2EEC1B}.Debug|x86.Build.0 = Debug|Win32
		{149B7821-8BFF-4CC0-895A-1CF1CC2EEC1B}.Release|x64.ActiveCfg = Release|x64
		{149B7821-8BFF-4CC0-895A-1CF1CC2EEC1B}.Release|x64.Build.0 = Release|x64
		{149B7821-8BFF-4CC0-895A-1CF1CC2EEC1B}.Release|x86.ActiveCfg = Release|Win32
		{149B7821-8BFF-4CC0-895A-1CF1CC2EEC1B}.Release|x86.Build.0 = Release|Win32
	EndGlobalSection
	GlobalSection(SolutionProperties) = preSolution
		HideSolutionNode = FALSE
	EndGlobalSection
	GlobalSection(ExtensibilityGlobals) = postSolution
		SolutionGuid = {78BE527F-C329-4358-811C-EBF617133CA1}
	EndGlobalSection
EndGlobal
